
Microsoft Visual Studio Solution File, Format Version 12.00
# Visual Studio Version 17
VisualStudioVersion = 17.14.36221.1 d17.14
MinimumVisualStudioVersion = 10.0.40219.1
Project("{FAE04EC0-301F-11D3-BF4B-00C04F79EFBC}") = "Enquiry.API", "Enquiry.API\Enquiry.API.csproj", "{146E5226-F74F-4454-9818-61D7050A21EF}"
EndProject
Global
	GlobalSection(SolutionConfigurationPlatforms) = preSolution
		Debug|Any CPU = Debug|Any CPU
		Release|Any CPU = Release|Any CPU
	EndGlobalSection
	GlobalSection(ProjectConfigurationPlatforms) = postSolution
		{146E5226-F74F-4454-9818-61D7050A21EF}.Debug|Any CPU.ActiveCfg = Debug|Any CPU
		{146E5226-F74F-4454-9818-61D7050A21EF}.Debug|Any CPU.Build.0 = Debug|Any CPU
		{146E5226-F74F-4454-9818-61D7050A21EF}.Release|Any CPU.ActiveCfg = Release|Any CPU
		{146E5226-F74F-4454-9818-61D7050A21EF}.Release|Any CPU.Build.0 = Release|Any CPU
	EndGlobalSection
	GlobalSection(SolutionProperties) = preSolution
		HideSolutionNode = FALSE
	EndGlobalSection
	GlobalSection(ExtensibilityGlobals) = postSolution
		SolutionGuid = {A06C65CE-111D-4153-B6B1-CA291FD683A5}
	EndGlobalSection
EndGlobal
